
Microsoft Visual Studio Solution File, Format Version 12.00
# Visual Studio Version 17
VisualStudioVersion = 17.0.32014.148
MinimumVisualStudioVersion = 10.0.40219.1
Project("{9A19103F-16F7-4668-BE54-9A1E7A4F7556}") = "Elando", "Elando\Elando.csproj", "{B75EE83D-A068-4E91-BEFF-D968CCD0C3FF}"
EndProject
Project("{9A19103F-16F7-4668-BE54-9A1E7A4F7556}") = "IO", "IO\IO.csproj", "{98AE092A-AEB0-45B8-BBD5-2B4AFF83FB70}"
EndProject
Project("{9A19103F-16F7-4668-BE54-9A1E7A4F7556}") = "Generator", "PrimeNumbersGenerator\Generator.csproj", "{9BFB8644-2C4D-4DC9-84CD-5F122324192E}"
EndProject
Project("{FAE04EC0-301F-11D3-BF4B-00C04F79EFBC}") = "Elando.Test", "Elando.Test\Elando.Test.csproj", "{7FBA3C27-EECF-4983-992F-E662C959FF4B}"
EndProject
Global
	GlobalSection(SolutionConfigurationPlatforms) = preSolution
		Debug|Any CPU = Debug|Any CPU
		Release|Any CPU = Release|Any CPU
	EndGlobalSection
	GlobalSection(ProjectConfigurationPlatforms) = postSolution
		{B75EE83D-A068-4E91-BEFF-D968CCD0C3FF}.Debug|Any CPU.ActiveCfg = Debug|Any CPU
		{B75EE83D-A068-4E91-BEFF-D968CCD0C3FF}.Debug|Any CPU.Build.0 = Debug|Any CPU
		{B75EE83D-A068-4E91-BEFF-D968CCD0C3FF}.Release|Any CPU.ActiveCfg = Release|Any CPU
		{B75EE83D-A068-4E91-BEFF-D968CCD0C3FF}.Release|Any CPU.Build.0 = Release|Any CPU
		{98AE092A-AEB0-45B8-BBD5-2B4AFF83FB70}.Debug|Any CPU.ActiveCfg = Debug|Any CPU
		{98AE092A-AEB0-45B8-BBD5-2B4AFF83FB70}.Debug|Any CPU.Build.0 = Debug|Any CPU
		{98AE092A-AEB0-45B8-BBD5-2B4AFF83FB70}.Release|Any CPU.ActiveCfg = Release|Any CPU
		{98AE092A-AEB0-45B8-BBD5-2B4AFF83FB70}.Release|Any CPU.Build.0 = Release|Any CPU
		{9BFB8644-2C4D-4DC9-84CD-5F122324192E}.Debug|Any CPU.ActiveCfg = Debug|Any CPU
		{9BFB8644-2C4D-4DC9-84CD-5F122324192E}.Debug|Any CPU.Build.0 = Debug|Any CPU
		{9BFB8644-2C4D-4DC9-84CD-5F122324192E}.Release|Any CPU.ActiveCfg = Release|Any CPU
		{9BFB8644-2C4D-4DC9-84CD-5F122324192E}.Release|Any CPU.Build.0 = Release|Any CPU
		{7FBA3C27-EECF-4983-992F-E662C959FF4B}.Debug|Any CPU.ActiveCfg = Debug|Any CPU
		{7FBA3C27-EECF-4983-992F-E662C959FF4B}.Debug|Any CPU.Build.0 = Debug|Any CPU
		{7FBA3C27-EECF-4983-992F-E662C959FF4B}.Release|Any CPU.ActiveCfg = Release|Any CPU
		{7FBA3C27-EECF-4983-992F-E662C959FF4B}.Release|Any CPU.Build.0 = Release|Any CPU
	EndGlobalSection
	GlobalSection(SolutionProperties) = preSolution
		HideSolutionNode = FALSE
	EndGlobalSection
	GlobalSection(ExtensibilityGlobals) = postSolution
		SolutionGuid = {455DE038-F543-4E2C-8CFE-7E26952EE7FE}
	EndGlobalSection
EndGlobal
